
Microsoft Visual Studio Solution File, Format Version 12.00
# Visual Studio Version 17
VisualStudioVersion = 17.3.32825.248
MinimumVisualStudioVersion = 10.0.40219.1
Project("{FAE04EC0-301F-11D3-BF4B-00C04F79EFBC}") = "fib", "fib\fib.csproj", "{81C92290-DC03-456B-844F-A8E40FBC225F}"
EndProject
Global
	GlobalSection(SolutionConfigurationPlatforms) = preSolution
		Debug|Any CPU = Debug|Any CPU
		Release|Any CPU = Release|Any CPU
	EndGlobalSection
	GlobalSection(ProjectConfigurationPlatforms) = postSolution
		{81C92290-DC03-456B-844F-A8E40FBC225F}.Debug|Any CPU.ActiveCfg = Debug|Any CPU
		{81C92290-DC03-456B-844F-A8E40FBC225F}.Debug|Any CPU.Build.0 = Debug|Any CPU
		{81C92290-DC03-456B-844F-A8E40FBC225F}.Release|Any CPU.ActiveCfg = Release|Any CPU
		{81C92290-DC03-456B-844F-A8E40FBC225F}.Release|Any CPU.Build.0 = Release|Any CPU
	EndGlobalSection
	GlobalSection(SolutionProperties) = preSolution
		HideSolutionNode = FALSE
	EndGlobalSection
	GlobalSection(ExtensibilityGlobals) = postSolution
		SolutionGuid = {F4888DD2-C51B-46AF-A029-E0E5C58A45D5}
	EndGlobalSection
EndGlobal
